
Microsoft Visual Studio Solution File, Format Version 12.00
# Visual Studio Version 17
VisualStudioVersion = 17.8.34525.116
MinimumVisualStudioVersion = 10.0.40219.1
Project("{FAE04EC0-301F-11D3-BF4B-00C04F79EFBC}") = "KSPArchipelago", "KSPArchipelago\KSPArchipelago.csproj", "{DB6CECA9-FA20-454A-A648-ACE37728E714}"
EndProject
Global
	GlobalSection(SolutionConfigurationPlatforms) = preSolution
		Debug|Any CPU = Debug|Any CPU
		Release|Any CPU = Release|Any CPU
	EndGlobalSection
	GlobalSection(ProjectConfigurationPlatforms) = postSolution
		{DB6CECA9-FA20-454A-A648-ACE37728E714}.Debug|Any CPU.ActiveCfg = Debug|Any CPU
		{DB6CECA9-FA20-454A-A648-ACE37728E714}.Debug|Any CPU.Build.0 = Debug|Any CPU
		{DB6CECA9-FA20-454A-A648-ACE37728E714}.Release|Any CPU.ActiveCfg = Release|Any CPU
		{DB6CECA9-FA20-454A-A648-ACE37728E714}.Release|Any CPU.Build.0 = Release|Any CPU
	EndGlobalSection
	GlobalSection(SolutionProperties) = preSolution
		HideSolutionNode = FALSE
	EndGlobalSection
	GlobalSection(ExtensibilityGlobals) = postSolution
		SolutionGuid = {EBFBE363-C320-46ED-9087-37911BD6E4CE}
	EndGlobalSection
EndGlobal
